
Microsoft Visual Studio Solution File, Format Version 12.00
# Visual Studio Version 17
VisualStudioVersion = 17.8.34525.116
MinimumVisualStudioVersion = 10.0.40219.1
Project("{FAE04EC0-301F-11D3-BF4B-00C04F79EFBC}") = "FSM1", "FSM1.csproj", "{7F8E8B1B-9402-440B-9B22-11A2BAE46E66}"
EndProject
Global
	GlobalSection(SolutionConfigurationPlatforms) = preSolution
		Debug|Any CPU = Debug|Any CPU
		Release|Any CPU = Release|Any CPU
	EndGlobalSection
	GlobalSection(ProjectConfigurationPlatforms) = postSolution
		{7F8E8B1B-9402-440B-9B22-11A2BAE46E66}.Debug|Any CPU.ActiveCfg = Debug|Any CPU
		{7F8E8B1B-9402-440B-9B22-11A2BAE46E66}.Debug|Any CPU.Build.0 = Debug|Any CPU
		{7F8E8B1B-9402-440B-9B22-11A2BAE46E66}.Release|Any CPU.ActiveCfg = Release|Any CPU
		{7F8E8B1B-9402-440B-9B22-11A2BAE46E66}.Release|Any CPU.Build.0 = Release|Any CPU
	EndGlobalSection
	GlobalSection(SolutionProperties) = preSolution
		HideSolutionNode = FALSE
	EndGlobalSection
	GlobalSection(ExtensibilityGlobals) = postSolution
		SolutionGuid = {5725C8D9-CC49-4559-B3FF-2406EC49CA10}
	EndGlobalSection
EndGlobal
